
Microsoft Visual Studio Solution File, Format Version 12.00
# Visual Studio Version 17
VisualStudioVersion = 17.10.35013.160
MinimumVisualStudioVersion = 10.0.40219.1
Project("{FAE04EC0-301F-11D3-BF4B-00C04F79EFBC}") = "WebTrabajos", "WebTrabajos\WebTrabajos.csproj", "{640321F0-AE7E-44A8-AB4F-967F52B14F3F}"
EndProject
Global
	GlobalSection(SolutionConfigurationPlatforms) = preSolution
		Debug|Any CPU = Debug|Any CPU
		Release|Any CPU = Release|Any CPU
	EndGlobalSection
	GlobalSection(ProjectConfigurationPlatforms) = postSolution
		{640321F0-AE7E-44A8-AB4F-967F52B14F3F}.Debug|Any CPU.ActiveCfg = Debug|Any CPU
		{640321F0-AE7E-44A8-AB4F-967F52B14F3F}.Debug|Any CPU.Build.0 = Debug|Any CPU
		{640321F0-AE7E-44A8-AB4F-967F52B14F3F}.Release|Any CPU.ActiveCfg = Release|Any CPU
		{640321F0-AE7E-44A8-AB4F-967F52B14F3F}.Release|Any CPU.Build.0 = Release|Any CPU
	EndGlobalSection
	GlobalSection(SolutionProperties) = preSolution
		HideSolutionNode = FALSE
	EndGlobalSection
	GlobalSection(ExtensibilityGlobals) = postSolution
		SolutionGuid = {D6A59497-EF7D-4FA9-9586-4CC4BAA122D0}
	EndGlobalSection
EndGlobal
